# This file is automatically @generated by Poetry 1.8.3 and should not be changed by hand.

[[package]]
name = "dissect-cstruct"
version = "3.14"
description = "A Dissect module implementing a parser for C-like structures: structure parsing in Python made easy"
optional = false
python-versions = "~=3.9"
files = [
    {file = "dissect.cstruct-3.14-py3-none-any.whl", hash = "sha256:4d1663a5cb26b20d6bb36a24587f22617bf825dcbb4afe5993b6d95b6267746d"},
    {file = "dissect_cstruct-3.14.tar.gz", hash = "sha256:ce902ed5df7e189162b32af7e8d2e84d9c40e1032b4b5aca0547aa4af5dd4500"},
]

[[package]]
name = "dissect-squashfs"
version = "1.5"
description = "A Dissect module implementing a parser for the SquashFS file system, commonly used in appliance or device firmware"
optional = false
python-versions = "~=3.9"
files = [
    {file = "dissect.squashfs-1.5-py3-none-any.whl", hash = "sha256:9b122b117d50c165aa72915e6ff93964f3f878075378ccd51cc15ee49c16cedb"},
    {file = "dissect_squashfs-1.5.tar.gz", hash = "sha256:57ccac1c8b4c2de57b7281cc500aa5a47417aa7b632b8cf19e8fcb6596e473a8"},
]

[package.dependencies]
"dissect.cstruct" = "==3.*"
"dissect.util" = "==3.*"

[package.extras]
full = ["lz4", "python-lzo", "zstandard"]

[[package]]
name = "dissect-util"
version = "3.16"
description = "A Dissect module implementing various utility functions for the other Dissect modules"
optional = false
python-versions = "~=3.9"
files = [
    {file = "dissect.util-3.16-py3-none-any.whl", hash = "sha256:d03fb519c8a707452f0e3c23bcb50b1d9938a7da5e911f94bb751004c0dce59e"},
    {file = "dissect_util-3.16.tar.gz", hash = "sha256:72245eb08117cedbdeb12b6a9de08775d36c2e2e8c3092e6a526fc5f02a5fbfe"},
]

[metadata]
lock-version = "2.0"
python-versions = "^3.10"
content-hash = "7b0a68247d26cf0cb632fef43f2039edd4d1641ac14c368b554be6fc6ad0bff8"
